folder: sklYDFVtnHmCnTNA
name: Phase Lock
type: feat
img: modules/AK5e-Foundry-Module/icons/Skill-Mostima2.webp
system:
  activities:
    dS5B6AEmITVE9wR2:
      type: utility
      sort: 0
      activation:
        type: action
        override: false
        condition: ''
      consumption:
        scaling:
          allowed: false
        spellSlot: true
        targets:
          - type: itemUses
            value: '65'
            target: Compendium.ak5e.ak5e-operator-skills.Item.6wUvlljsCtahm7N5
            scaling: {}
      description:
        chatFlavor: ''
      duration:
        units: round
        concentration: false
        override: false
        value: '3'
      effects: []
      flags: {}
      range:
        units: ft
        override: false
        special: ''
        value: '30'
      target:
        template:
          contiguous: false
          units: ft
          type: ''
          stationary: false
        affects:
          choice: false
          type: creature
          special: ''
          count: '1'
        override: false
        prompt: true
      uses:
        spent: 0
        recovery: []
        max: ''
      visibility:
        level:
          min: null
          max: null
        requireAttunement: false
        requireIdentification: false
        requireMagic: false
        identifier: ''
      roll:
        prompt: false
        visible: false
        name: ''
        formula: ''
      useConditionText: ''
      useConditionReason: ''
      effectConditionText: ''
      macroData:
        name: ''
        command: ''
      ignoreTraits:
        idi: false
        idr: false
        idv: false
        ida: false
        idm: false
      midiProperties:
        ignoreTraits: []
        triggeredActivityId: none
        triggeredActivityConditionText: ''
        triggeredActivityTargets: targets
        triggeredActivityRollAs: self
        autoConsume: true
        forceConsumeDialog: default
        forceRollDialog: default
        forceDamageDialog: default
        confirmTargets: default
        autoTargetType: any
        autoTargetAction: default
        automationOnly: false
        otherActivityCompatible: true
        otherActivityAsParentType: true
        identifier: ''
        displayActivityName: false
        rollMode: default
        chooseEffects: false
        toggleEffect: false
        ignoreFullCover: false
        removeChatButtons: default
        magicEffect: false
        magicDamage: false
        noConcentrationCheck: false
        skipConcentrationCheck: false
        autoCEEffects: default
        triggeredActivityConsume: true
        triggeredActivityConfigure: true
      isOverTimeFlag: false
      overTimeProperties:
        saveRemoves: true
        preRemoveConditionText: ''
        postRemoveConditionText: ''
        rollAs: target
      otherActivityId: none
      otherActivityAsParentType: true
      name: ''
      img: ''
      _id: dS5B6AEmITVE9wR2
  uses:
    spent: 0
    recovery: []
    max: ''
  advancement: {}
  description:
    value: >-
      <table><thead><tr><td><p>SP Cost</p></td><td><p>Start
      SP</p></td><td><p>Charging</p></td><td><p>Activation</p></td><td><p>Duration</p></td></tr></thead><tbody><tr><td><p>65</p></td><td><p>30</p></td><td><p>Offensive</p></td><td><p>Action</p></td><td><p>3
      Rounds</p></td></tr></tbody></table><p><strong>Effect: </strong>You alter
      the flow of time around a Creature you can see within 30 feet, speeding
      them up. When that Creature takes the Attack Action, they may make an
      additional Attack as part of that Action. Additionally, when they cast a
      Cantrip with a Casting Time of 1 Action, they may cast that Cantrip again
      this Turn as a Bonus Action.</p><p><strong>Not Automated.</strong></p>
    chat: ''
  identifier: phase-lock
  source:
    revision: 1
    rules: '2024'
  crewed: false
  enchant: {}
  prerequisites:
    items: []
    repeatable: false
    level: 14
  properties: []
  requirements: ''
  type:
    value: class
    subtype: opSkill
effects:
  - name: Phase Lock (Skill Points)
    img: modules/AK5e-Foundry-Module/icons/Skill-Mostima2.webp
    origin: Compendium.AK5e.ak5e-operator-skills.Item.8ZQj2sGAjG3I0Z0W
    _id: xj0l6P6SUHJbt97c
    type: base
    system: {}
    changes:
      - key: system.scale.skillPoints.recovery
        mode: 4
        value: '30'
        priority: 20
      - key: system.scale.skillPoints.maxsp
        mode: 4
        value: '65'
        priority: 20
    disabled: false
    duration:
      startTime: null
      combat: null
      seconds: null
      rounds: null
      turns: null
      startRound: null
      startTurn: null
    description: ''
    tint: '#ffffff'
    transfer: true
    statuses: []
    sort: 0
    flags:
      dnd5e:
        riders:
          statuses: []
      dae:
        disableCondition: ''
        stackable: noneName
        showIcon: false
        disableIncapacitated: false
        durationExpression: ''
        macroRepeat: none
        specialDuration: []
      core:
        overlay: false
      automated-conditions-5e:
        ac5eChangeRows: {}
    _stats:
      compendiumSource: null
      duplicateSource: null
      exportSource: null
      coreVersion: '13.351'
      systemId: dnd5e
      systemVersion: 5.3.0
      lastModifiedBy: null
    _key: '!items.effects!8ZQj2sGAjG3I0Z0W.xj0l6P6SUHJbt97c'
flags:
  dnd5e:
    riders:
      activity: []
_stats:
  compendiumSource: null
  duplicateSource: null
  exportSource: null
  coreVersion: '13.351'
  systemId: dnd5e
  systemVersion: 5.3.0
  createdTime: 1785598440263
  modifiedTime: 1785598440263
  lastModifiedBy: 27ikDz77N89hVLvM
ownership:
  default: 0
  27ikDz77N89hVLvM: 3
_id: 8ZQj2sGAjG3I0Z0W
sort: 200000
_key: '!items!8ZQj2sGAjG3I0Z0W'
