name: Target Lock
type: feat
img: modules/ak5e/icons/Skill-Lemuen1.webp
system:
  activities:
    PBm6VgtwxDuWZFk5:
      type: utility
      _id: PBm6VgtwxDuWZFk5
      sort: 0
      activation:
        type: special
        override: false
        condition: ''
      consumption:
        scaling:
          allowed: false
        spellSlot: true
        targets:
          - type: itemUses
            value: '1'
            target: ''
      description:
        chatFlavor: ''
      duration:
        units: inst
        concentration: false
        override: false
      effects:
        - _id: IZw8x6vWejhydaf6
          level:
            min: null
            max: null
      flags: {}
      range:
        units: ft
        override: false
        special: ''
        value: '500'
      target:
        template:
          contiguous: false
          units: ft
          type: ''
        affects:
          choice: false
          type: enemy
          count: '1'
          special: ''
        override: false
        prompt: true
      uses:
        spent: 0
        recovery: []
        max: ''
      visibility:
        level:
          min: null
          max: null
        requireAttunement: false
        requireIdentification: false
        requireMagic: false
        identifier: ''
      roll:
        prompt: false
        visible: false
        name: ''
        formula: ''
      useConditionText: ''
      useConditionReason: ''
      effectConditionText: ''
      macroData:
        name: ''
        command: ''
      ignoreTraits:
        idi: false
        idr: false
        idv: false
        ida: false
        idm: false
      midiProperties:
        ignoreTraits: []
        triggeredActivityId: none
        triggeredActivityConditionText: ''
        triggeredActivityTargets: targets
        triggeredActivityRollAs: self
        autoConsume: true
        forceConsumeDialog: default
        forceRollDialog: default
        forceDamageDialog: default
        confirmTargets: default
        autoTargetType: any
        autoTargetAction: default
        automationOnly: false
        otherActivityCompatible: true
        otherActivityAsParentType: true
        identifier: ''
        displayActivityName: false
        rollMode: default
        chooseEffects: false
        toggleEffect: false
        ignoreFullCover: false
        removeChatButtons: default
        magicEffect: false
        magicDamage: false
        noConcentrationCheck: false
        skipConcentrationCheck: false
        autoCEEffects: default
      isOverTimeFlag: false
      overTimeProperties:
        saveRemoves: true
        preRemoveConditionText: ''
        postRemoveConditionText: ''
      otherActivityId: none
      otherActivityAsParentType: true
      name: Target Lock
      img: ''
  uses:
    spent: 0
    recovery:
      - period: sr
        type: recoverAll
    max: '1'
  advancement: []
  description:
    value: >-
      <p>The benefit of ranged combat is the freedom to placeyour shots where
      they are most needed. During yourTurn, you can select a hostile Creature
      you can see to beyour Target (no Action required) for the next minute.You
      have a +1 bonus to Attack Rolls against yourTarget.</p><p>Once you have
      used this Feature, you cannot use itagain until you have finished a Short
      Rest.</p><p><strong>Automated:</strong> Use this feat to apply Target
      effect on seen Creature.</p>
    chat: ''
  identifier: feature
  source:
    revision: 1
    rules: '2024'
  crewed: false
  enchant: {}
  prerequisites:
    items: []
    repeatable: false
    level: 1
  properties: []
  requirements: ''
  type:
    value: class
    subtype: skillPoints
effects:
  - name: Target
    img: modules/ak5e/icons/Skill-Lemuen1.webp
    origin: Compendium.ak5e.ak5e-classes-and-features.Item.oxFGvfgwpg4tNLdL
    transfer: false
    _id: IZw8x6vWejhydaf6
    type: base
    system: {}
    changes:
      - key: flags.automated-conditions-5e.grants.attack.bonus
        mode: 5
        value: bonus=1; hasAttack && effectOriginTokenId === tokenId;
        priority: 20
    disabled: false
    duration:
      startTime: null
      combat: null
      seconds: null
      rounds: 10
      turns: null
      startRound: null
      startTurn: null
    description: ''
    tint: '#ffffff'
    statuses: []
    sort: 0
    flags:
      dnd5e:
        riders:
          statuses: []
      dae:
        enableCondition: ''
        disableCondition: ''
        stackable: noneName
        showIcon: false
        disableIncapacitated: false
        selfTarget: false
        selfTargetAlways: false
        dontApply: false
        durationExpression: ''
        macroRepeat: none
        specialDuration: []
      core:
        overlay: false
    _stats:
      compendiumSource: null
      duplicateSource: null
      exportSource: null
      coreVersion: '13.351'
      systemId: dnd5e
      systemVersion: 5.2.4
      createdTime: 1767681622318
      modifiedTime: 1767875875709
      lastModifiedBy: GiT7LQTiCJxjm7mo
    _key: '!items.effects!oxFGvfgwpg4tNLdL.IZw8x6vWejhydaf6'
folder: r2sKTPYSmSAEfVCU
flags:
  dnd5e:
    riders:
      activity: []
_stats:
  compendiumSource: null
  duplicateSource: null
  exportSource: null
  coreVersion: '13.351'
  systemId: dnd5e
  systemVersion: 5.2.4
  createdTime: 1767615342066
  modifiedTime: 1767875867531
  lastModifiedBy: GiT7LQTiCJxjm7mo
ownership:
  default: 0
  GiT7LQTiCJxjm7mo: 3
_id: oxFGvfgwpg4tNLdL
sort: 118750
_key: '!items!oxFGvfgwpg4tNLdL'
